# This file is autogenerated, do not edit; changes may be undone by the next 'dep ensure'.


[[projects]]
  branch = "master"
  digest = "1:695789d752ad87a7f4d2b172fcea25835ba97e7385c4095e3896acb8c822fd38"
  name = "github.com/denisenkom/go-mssqldb"
  packages = [
    ".",
    "internal/cp",
    "internal/decimal",
    "internal/querytext",
  ]
  pruneopts = "UT"
  revision = "1d7a30a10f73a69b1adb731b0ab12be3da43a833"

[[projects]]
  branch = "master"
  digest = "1:6eb688c955dd18a04d2673ede4169c2356b840ace87f7cc1b8e7aac9195b3e14"
  name = "github.com/fanda-org/postmasters"
  packages = [
    "api",
    "api/handler",
    "config",
    "database",
    "database/models",
    "database/models/accounting",
    "database/models/system",
    "router",
    "services",
    "web",
  ]
  pruneopts = "UT"
  revision = "a4c042b19b2bf68223b672548a5da26eb30a738a"

[[projects]]
  digest = "1:a3af33fd30536d9c5a7b6ad542390919e57c1125097a194c7b3d9904109a0611"
  name = "github.com/go-sql-driver/mysql"
  packages = ["."]
  pruneopts = "UT"
  revision = "17ef3dd9d98b69acec3e85878995ada9533a9370"
  version = "v1.5.0"

[[projects]]
  branch = "master"
  digest = "1:914bae0d7af57d7f9c2c8eff864071e57c3effebd78eeef26eff4afb0372ed2f"
  name = "github.com/golang-sql/civil"
  packages = ["."]
  pruneopts = "UT"
  revision = "cb61b32ac6fe84d34b81730175f91965e43d0f90"

[[projects]]
  digest = "1:cbec35fe4d5a4fba369a656a8cd65e244ea2c743007d8f6c1ccb132acf9d1296"
  name = "github.com/gorilla/mux"
  packages = ["."]
  pruneopts = "UT"
  revision = "00bdffe0f3c77e27d2cf6f5c70232a2d3e4d9c15"
  version = "v1.7.3"

[[projects]]
  digest = "1:2ceedb369265bade4e23a19fa78e050438858e4ac4012d07dee3a480f79d9789"
  name = "github.com/jinzhu/gorm"
  packages = [
    ".",
    "dialects/mssql",
    "dialects/mysql",
    "dialects/postgres",
  ]
  pruneopts = "UT"
  revision = "79a77d771dee4e4b60e9c543e8663bbc80466670"
  version = "v1.9.12"

[[projects]]
  digest = "1:01ed62f8f4f574d8aff1d88caee113700a2b44c42351943fa73cc1808f736a50"
  name = "github.com/jinzhu/inflection"
  packages = ["."]
  pruneopts = "UT"
  revision = "f5c5f50e6090ae76a29240b61ae2a90dd810112e"
  version = "v1.0.0"

[[projects]]
  digest = "1:707178a91d4d0a2382ac044a49cdea18959d6f3453a7ed0f8940ac2e48bfb26f"
  name = "github.com/lib/pq"
  packages = [
    ".",
    "hstore",
    "oid",
    "scram",
  ]
  pruneopts = "UT"
  revision = "99274577be97ac9b1d95a2d61d566dc9b7cc6a54"
  version = "v1.3.0"

[[projects]]
  digest = "1:274f67cb6fed9588ea2521ecdac05a6d62a8c51c074c1fccc6a49a40ba80e925"
  name = "github.com/satori/go.uuid"
  packages = ["."]
  pruneopts = "UT"
  revision = "f58768cc1a7a7e77a3bd49e98cdd21419399b6a3"
  version = "v1.2.0"

[[projects]]
  digest = "1:8f79ef172d925c9cb93e31c98b816bce61c4b70c9d09a0d1be3507868c277fba"
  name = "github.com/xorcare/pointer"
  packages = ["."]
  pruneopts = "UT"
  revision = "98cb31b80817822cde9bcbc6058ad64415b17359"
  version = "v1.0.0"

[[projects]]
  branch = "master"
  digest = "1:6f8de48333678351faa2f432cde1d7cc508b3a76b2b9be21b0e698c638ddba18"
  name = "golang.org/x/crypto"
  packages = [
    "bcrypt",
    "blowfish",
    "md4",
  ]
  pruneopts = "UT"
  revision = "530e935923ad688be97c15eeb8e5ee42ebf2b54a"

[solve-meta]
  analyzer-name = "dep"
  analyzer-version = 1
  input-imports = [
    "github.com/fanda-org/postmasters/api",
    "github.com/fanda-org/postmasters/api/handler",
    "github.com/fanda-org/postmasters/config",
    "github.com/fanda-org/postmasters/database",
    "github.com/fanda-org/postmasters/database/models",
    "github.com/fanda-org/postmasters/database/models/accounting",
    "github.com/fanda-org/postmasters/database/models/system",
    "github.com/fanda-org/postmasters/router",
    "github.com/fanda-org/postmasters/services",
    "github.com/fanda-org/postmasters/web",
    "github.com/gorilla/mux",
    "github.com/jinzhu/gorm",
    "github.com/jinzhu/gorm/dialects/mssql",
    "github.com/jinzhu/gorm/dialects/mysql",
    "github.com/jinzhu/gorm/dialects/postgres",
    "github.com/satori/go.uuid",
    "github.com/xorcare/pointer",
    "golang.org/x/crypto/bcrypt",
  ]
  solver-name = "gps-cdcl"
  solver-version = 1
